
Microsoft Visual Studio Solution File, Format Version 12.00
# Visual Studio Version 17
VisualStudioVersion = 17.0.31903.59
MinimumVisualStudioVersion = 10.0.40219.1
Project("{2150E333-8FDC-42A3-9474-1A3956D46DE8}") = "src", "src", "{827E0CD3-B72D-47B6-A68D-7590B98EB39B}"
EndProject
Project("{FAE04EC0-301F-11D3-BF4B-00C04F79EFBC}") = "FrameViewAnalyzer.Core", "src\FrameViewAnalyzer.Core\FrameViewAnalyzer.Core.csproj", "{FC855F31-0900-4538-8C45-54EE5DD81B0D}"
EndProject
Project("{FAE04EC0-301F-11D3-BF4B-00C04F79EFBC}") = "FrameViewAnalyzer.Analytics", "src\FrameViewAnalyzer.Analytics\FrameViewAnalyzer.Analytics.csproj", "{867E3919-59C3-47F9-85C9-B7097264374D}"
EndProject
Project("{FAE04EC0-301F-11D3-BF4B-00C04F79EFBC}") = "FrameViewAnalyzer.Infrastructure", "src\FrameViewAnalyzer.Infrastructure\FrameViewAnalyzer.Infrastructure.csproj", "{275B403A-E813-4A90-A4FF-6545E5A58B23}"
EndProject
Project("{FAE04EC0-301F-11D3-BF4B-00C04F79EFBC}") = "FrameViewAnalyzer.App", "src\FrameViewAnalyzer.App\FrameViewAnalyzer.App.csproj", "{7CF89D79-5BC0-430D-A9A5-D3414CA7F777}"
EndProject
Project("{2150E333-8FDC-42A3-9474-1A3956D46DE8}") = "tests", "tests", "{0AB3BF05-4346-4AA6-1389-037BE0695223}"
EndProject
Project("{FAE04EC0-301F-11D3-BF4B-00C04F79EFBC}") = "FrameViewAnalyzer.Core.Tests", "tests\FrameViewAnalyzer.Core.Tests\FrameViewAnalyzer.Core.Tests.csproj", "{D81F75CA-E07F-487C-9665-BFCB5998C101}"
EndProject
Project("{FAE04EC0-301F-11D3-BF4B-00C04F79EFBC}") = "FrameViewAnalyzer.Analytics.Tests", "tests\FrameViewAnalyzer.Analytics.Tests\FrameViewAnalyzer.Analytics.Tests.csproj", "{38FD347D-0296-4B3F-9274-39E145BF0F33}"
EndProject
Project("{FAE04EC0-301F-11D3-BF4B-00C04F79EFBC}") = "FrameViewAnalyzer.Infrastructure.Tests", "tests\FrameViewAnalyzer.Infrastructure.Tests\FrameViewAnalyzer.Infrastructure.Tests.csproj", "{CCCA2299-1402-4A19-8B74-A4ADB5845EC3}"
EndProject
Project("{FAE04EC0-301F-11D3-BF4B-00C04F79EFBC}") = "FrameViewAnalyzer.App.Tests", "tests\FrameViewAnalyzer.App.Tests\FrameViewAnalyzer.App.Tests.csproj", "{67E9A730-B9BA-4F5E-9586-E214C7C8698A}"
EndProject
Project("{2150E333-8FDC-42A3-9474-1A3956D46DE8}") = "bench", "bench", "{760AB15A-8938-8D9B-BEDE-5CE1484B84C3}"
EndProject
Project("{FAE04EC0-301F-11D3-BF4B-00C04F79EFBC}") = "FrameViewAnalyzer.Benchmarks", "bench\FrameViewAnalyzer.Benchmarks\FrameViewAnalyzer.Benchmarks.csproj", "{2A958B2D-DCBA-46F1-9748-24063EF8D077}"
EndProject
Global
	GlobalSection(SolutionConfigurationPlatforms) = preSolution
		Debug|Any CPU = Debug|Any CPU
		Debug|x64 = Debug|x64
		Debug|x86 = Debug|x86
		Release|Any CPU = Release|Any CPU
		Release|x64 = Release|x64
		Release|x86 = Release|x86
	EndGlobalSection
	GlobalSection(ProjectConfigurationPlatforms) = postSolution
		{FC855F31-0900-4538-8C45-54EE5DD81B0D}.Debug|Any CPU.ActiveCfg = Debug|Any CPU
		{FC855F31-0900-4538-8C45-54EE5DD81B0D}.Debug|Any CPU.Build.0 = Debug|Any CPU
		{FC855F31-0900-4538-8C45-54EE5DD81B0D}.Debug|x64.ActiveCfg = Debug|Any CPU
		{FC855F31-0900-4538-8C45-54EE5DD81B0D}.Debug|x64.Build.0 = Debug|Any CPU
		{FC855F31-0900-4538-8C45-54EE5DD81B0D}.Debug|x86.ActiveCfg = Debug|Any CPU
		{FC855F31-0900-4538-8C45-54EE5DD81B0D}.Debug|x86.Build.0 = Debug|Any CPU
		{FC855F31-0900-4538-8C45-54EE5DD81B0D}.Release|Any CPU.ActiveCfg = Release|Any CPU
		{FC855F31-0900-4538-8C45-54EE5DD81B0D}.Release|Any CPU.Build.0 = Release|Any CPU
		{FC855F31-0900-4538-8C45-54EE5DD81B0D}.Release|x64.ActiveCfg = Release|Any CPU
		{FC855F31-0900-4538-8C45-54EE5DD81B0D}.Release|x64.Build.0 = Release|Any CPU
		{FC855F31-0900-4538-8C45-54EE5DD81B0D}.Release|x86.ActiveCfg = Release|Any CPU
		{FC855F31-0900-4538-8C45-54EE5DD81B0D}.Release|x86.Build.0 = Release|Any CPU
		{867E3919-59C3-47F9-85C9-B7097264374D}.Debug|Any CPU.ActiveCfg = Debug|Any CPU
		{867E3919-59C3-47F9-85C9-B7097264374D}.Debug|Any CPU.Build.0 = Debug|Any CPU
		{867E3919-59C3-47F9-85C9-B7097264374D}.Debug|x64.ActiveCfg = Debug|Any CPU
		{867E3919-59C3-47F9-85C9-B7097264374D}.Debug|x64.Build.0 = Debug|Any CPU
		{867E3919-59C3-47F9-85C9-B7097264374D}.Debug|x86.ActiveCfg = Debug|Any CPU
		{867E3919-59C3-47F9-85C9-B7097264374D}.Debug|x86.Build.0 = Debug|Any CPU
		{867E3919-59C3-47F9-85C9-B7097264374D}.Release|Any CPU.ActiveCfg = Release|Any CPU
		{867E3919-59C3-47F9-85C9-B7097264374D}.Release|Any CPU.Build.0 = Release|Any CPU
		{867E3919-59C3-47F9-85C9-B7097264374D}.Release|x64.ActiveCfg = Release|Any CPU
		{867E3919-59C3-47F9-85C9-B7097264374D}.Release|x64.Build.0 = Release|Any CPU
		{867E3919-59C3-47F9-85C9-B7097264374D}.Release|x86.ActiveCfg = Release|Any CPU
		{867E3919-59C3-47F9-85C9-B7097264374D}.Release|x86.Build.0 = Release|Any CPU
		{275B403A-E813-4A90-A4FF-6545E5A58B23}.Debug|Any CPU.ActiveCfg = Debug|Any CPU
		{275B403A-E813-4A90-A4FF-6545E5A58B23}.Debug|Any CPU.Build.0 = Debug|Any CPU
		{275B403A-E813-4A90-A4FF-6545E5A58B23}.Debug|x64.ActiveCfg = Debug|Any CPU
		{275B403A-E813-4A90-A4FF-6545E5A58B23}.Debug|x64.Build.0 = Debug|Any CPU
		{275B403A-E813-4A90-A4FF-6545E5A58B23}.Debug|x86.ActiveCfg = Debug|Any CPU
		{275B403A-E813-4A90-A4FF-6545E5A58B23}.Debug|x86.Build.0 = Debug|Any CPU
		{275B403A-E813-4A90-A4FF-6545E5A58B23}.Release|Any CPU.ActiveCfg = Release|Any CPU
		{275B403A-E813-4A90-A4FF-6545E5A58B23}.Release|Any CPU.Build.0 = Release|Any CPU
		{275B403A-E813-4A90-A4FF-6545E5A58B23}.Release|x64.ActiveCfg = Release|Any CPU
		{275B403A-E813-4A90-A4FF-6545E5A58B23}.Release|x64.Build.0 = Release|Any CPU
		{275B403A-E813-4A90-A4FF-6545E5A58B23}.Release|x86.ActiveCfg = Release|Any CPU
		{275B403A-E813-4A90-A4FF-6545E5A58B23}.Release|x86.Build.0 = Release|Any CPU
		{7CF89D79-5BC0-430D-A9A5-D3414CA7F777}.Debug|Any CPU.ActiveCfg = Debug|Any CPU
		{7CF89D79-5BC0-430D-A9A5-D3414CA7F777}.Debug|Any CPU.Build.0 = Debug|Any CPU
		{7CF89D79-5BC0-430D-A9A5-D3414CA7F777}.Debug|x64.ActiveCfg = Debug|Any CPU
		{7CF89D79-5BC0-430D-A9A5-D3414CA7F777}.Debug|x64.Build.0 = Debug|Any CPU
		{7CF89D79-5BC0-430D-A9A5-D3414CA7F777}.Debug|x86.ActiveCfg = Debug|Any CPU
		{7CF89D79-5BC0-430D-A9A5-D3414CA7F777}.Debug|x86.Build.0 = Debug|Any CPU
		{7CF89D79-5BC0-430D-A9A5-D3414CA7F777}.Release|Any CPU.ActiveCfg = Release|Any CPU
		{7CF89D79-5BC0-430D-A9A5-D3414CA7F777}.Release|Any CPU.Build.0 = Release|Any CPU
		{7CF89D79-5BC0-430D-A9A5-D3414CA7F777}.Release|x64.ActiveCfg = Release|Any CPU
		{7CF89D79-5BC0-430D-A9A5-D3414CA7F777}.Release|x64.Build.0 = Release|Any CPU
		{7CF89D79-5BC0-430D-A9A5-D3414CA7F777}.Release|x86.ActiveCfg = Release|Any CPU
		{7CF89D79-5BC0-430D-A9A5-D3414CA7F777}.Release|x86.Build.0 = Release|Any CPU
		{D81F75CA-E07F-487C-9665-BFCB5998C101}.Debug|Any CPU.ActiveCfg = Debug|Any CPU
		{D81F75CA-E07F-487C-9665-BFCB5998C101}.Debug|Any CPU.Build.0 = Debug|Any CPU
		{D81F75CA-E07F-487C-9665-BFCB5998C101}.Debug|x64.ActiveCfg = Debug|Any CPU
		{D81F75CA-E07F-487C-9665-BFCB5998C101}.Debug|x64.Build.0 = Debug|Any CPU
		{D81F75CA-E07F-487C-9665-BFCB5998C101}.Debug|x86.ActiveCfg = Debug|Any CPU
		{D81F75CA-E07F-487C-9665-BFCB5998C101}.Debug|x86.Build.0 = Debug|Any CPU
		{D81F75CA-E07F-487C-9665-BFCB5998C101}.Release|Any CPU.ActiveCfg = Release|Any CPU
		{D81F75CA-E07F-487C-9665-BFCB5998C101}.Release|Any CPU.Build.0 = Release|Any CPU
		{D81F75CA-E07F-487C-9665-BFCB5998C101}.Release|x64.ActiveCfg = Release|Any CPU
		{D81F75CA-E07F-487C-9665-BFCB5998C101}.Release|x64.Build.0 = Release|Any CPU
		{D81F75CA-E07F-487C-9665-BFCB5998C101}.Release|x86.ActiveCfg = Release|Any CPU
		{D81F75CA-E07F-487C-9665-BFCB5998C101}.Release|x86.Build.0 = Release|Any CPU
		{38FD347D-0296-4B3F-9274-39E145BF0F33}.Debug|Any CPU.ActiveCfg = Debug|Any CPU
		{38FD347D-0296-4B3F-9274-39E145BF0F33}.Debug|Any CPU.Build.0 = Debug|Any CPU
		{38FD347D-0296-4B3F-9274-39E145BF0F33}.Debug|x64.ActiveCfg = Debug|Any CPU
		{38FD347D-0296-4B3F-9274-39E145BF0F33}.Debug|x64.Build.0 = Debug|Any CPU
		{38FD347D-0296-4B3F-9274-39E145BF0F33}.Debug|x86.ActiveCfg = Debug|Any CPU
		{38FD347D-0296-4B3F-9274-39E145BF0F33}.Debug|x86.Build.0 = Debug|Any CPU
		{38FD347D-0296-4B3F-9274-39E145BF0F33}.Release|Any CPU.ActiveCfg = Release|Any CPU
		{38FD347D-0296-4B3F-9274-39E145BF0F33}.Release|Any CPU.Build.0 = Release|Any CPU
		{38FD347D-0296-4B3F-9274-39E145BF0F33}.Release|x64.ActiveCfg = Release|Any CPU
		{38FD347D-0296-4B3F-9274-39E145BF0F33}.Release|x64.Build.0 = Release|Any CPU
		{38FD347D-0296-4B3F-9274-39E145BF0F33}.Release|x86.ActiveCfg = Release|Any CPU
		{38FD347D-0296-4B3F-9274-39E145BF0F33}.Release|x86.Build.0 = Release|Any CPU
		{CCCA2299-1402-4A19-8B74-A4ADB5845EC3}.Debug|Any CPU.ActiveCfg = Debug|Any CPU
		{CCCA2299-1402-4A19-8B74-A4ADB5845EC3}.Debug|Any CPU.Build.0 = Debug|Any CPU
		{CCCA2299-1402-4A19-8B74-A4ADB5845EC3}.Debug|x64.ActiveCfg = Debug|Any CPU
		{CCCA2299-1402-4A19-8B74-A4ADB5845EC3}.Debug|x64.Build.0 = Debug|Any CPU
		{CCCA2299-1402-4A19-8B74-A4ADB5845EC3}.Debug|x86.ActiveCfg = Debug|Any CPU
		{CCCA2299-1402-4A19-8B74-A4ADB5845EC3}.Debug|x86.Build.0 = Debug|Any CPU
		{CCCA2299-1402-4A19-8B74-A4ADB5845EC3}.Release|Any CPU.ActiveCfg = Release|Any CPU
		{CCCA2299-1402-4A19-8B74-A4ADB5845EC3}.Release|Any CPU.Build.0 = Release|Any CPU
		{CCCA2299-1402-4A19-8B74-A4ADB5845EC3}.Release|x64.ActiveCfg = Release|Any CPU
		{CCCA2299-1402-4A19-8B74-A4ADB5845EC3}.Release|x64.Build.0 = Release|Any CPU
		{CCCA2299-1402-4A19-8B74-A4ADB5845EC3}.Release|x86.ActiveCfg = Release|Any CPU
		{CCCA2299-1402-4A19-8B74-A4ADB5845EC3}.Release|x86.Build.0 = Release|Any CPU
		{67E9A730-B9BA-4F5E-9586-E214C7C8698A}.Debug|Any CPU.ActiveCfg = Debug|Any CPU
		{67E9A730-B9BA-4F5E-9586-E214C7C8698A}.Debug|Any CPU.Build.0 = Debug|Any CPU
		{67E9A730-B9BA-4F5E-9586-E214C7C8698A}.Debug|x64.ActiveCfg = Debug|Any CPU
		{67E9A730-B9BA-4F5E-9586-E214C7C8698A}.Debug|x64.Build.0 = Debug|Any CPU
		{67E9A730-B9BA-4F5E-9586-E214C7C8698A}.Debug|x86.ActiveCfg = Debug|Any CPU
		{67E9A730-B9BA-4F5E-9586-E214C7C8698A}.Debug|x86.Build.0 = Debug|Any CPU
		{67E9A730-B9BA-4F5E-9586-E214C7C8698A}.Release|Any CPU.ActiveCfg = Release|Any CPU
		{67E9A730-B9BA-4F5E-9586-E214C7C8698A}.Release|Any CPU.Build.0 = Release|Any CPU
		{67E9A730-B9BA-4F5E-9586-E214C7C8698A}.Release|x64.ActiveCfg = Release|Any CPU
		{67E9A730-B9BA-4F5E-9586-E214C7C8698A}.Release|x64.Build.0 = Release|Any CPU
		{67E9A730-B9BA-4F5E-9586-E214C7C8698A}.Release|x86.ActiveCfg = Release|Any CPU
		{67E9A730-B9BA-4F5E-9586-E214C7C8698A}.Release|x86.Build.0 = Release|Any CPU
		{2A958B2D-DCBA-46F1-9748-24063EF8D077}.Debug|Any CPU.ActiveCfg = Debug|Any CPU
		{2A958B2D-DCBA-46F1-9748-24063EF8D077}.Debug|Any CPU.Build.0 = Debug|Any CPU
		{2A958B2D-DCBA-46F1-9748-24063EF8D077}.Debug|x64.ActiveCfg = Debug|Any CPU
		{2A958B2D-DCBA-46F1-9748-24063EF8D077}.Debug|x64.Build.0 = Debug|Any CPU
		{2A958B2D-DCBA-46F1-9748-24063EF8D077}.Debug|x86.ActiveCfg = Debug|Any CPU
		{2A958B2D-DCBA-46F1-9748-24063EF8D077}.Debug|x86.Build.0 = Debug|Any CPU
		{2A958B2D-DCBA-46F1-9748-24063EF8D077}.Release|Any CPU.ActiveCfg = Release|Any CPU
		{2A958B2D-DCBA-46F1-9748-24063EF8D077}.Release|Any CPU.Build.0 = Release|Any CPU
		{2A958B2D-DCBA-46F1-9748-24063EF8D077}.Release|x64.ActiveCfg = Release|Any CPU
		{2A958B2D-DCBA-46F1-9748-24063EF8D077}.Release|x64.Build.0 = Release|Any CPU
		{2A958B2D-DCBA-46F1-9748-24063EF8D077}.Release|x86.ActiveCfg = Release|Any CPU
		{2A958B2D-DCBA-46F1-9748-24063EF8D077}.Release|x86.Build.0 = Release|Any CPU
	EndGlobalSection
	GlobalSection(SolutionProperties) = preSolution
		HideSolutionNode = FALSE
	EndGlobalSection
	GlobalSection(NestedProjects) = preSolution
		{FC855F31-0900-4538-8C45-54EE5DD81B0D} = {827E0CD3-B72D-47B6-A68D-7590B98EB39B}
		{867E3919-59C3-47F9-85C9-B7097264374D} = {827E0CD3-B72D-47B6-A68D-7590B98EB39B}
		{275B403A-E813-4A90-A4FF-6545E5A58B23} = {827E0CD3-B72D-47B6-A68D-7590B98EB39B}
		{7CF89D79-5BC0-430D-A9A5-D3414CA7F777} = {827E0CD3-B72D-47B6-A68D-7590B98EB39B}
		{D81F75CA-E07F-487C-9665-BFCB5998C101} = {0AB3BF05-4346-4AA6-1389-037BE0695223}
		{38FD347D-0296-4B3F-9274-39E145BF0F33} = {0AB3BF05-4346-4AA6-1389-037BE0695223}
		{CCCA2299-1402-4A19-8B74-A4ADB5845EC3} = {0AB3BF05-4346-4AA6-1389-037BE0695223}
		{67E9A730-B9BA-4F5E-9586-E214C7C8698A} = {0AB3BF05-4346-4AA6-1389-037BE0695223}
		{2A958B2D-DCBA-46F1-9748-24063EF8D077} = {760AB15A-8938-8D9B-BEDE-5CE1484B84C3}
	EndGlobalSection
EndGlobal
